
Microsoft Visual Studio Solution File, Format Version 12.00
# Visual Studio Version 16
VisualStudioVersion = 16.0.28917.181
MinimumVisualStudioVersion = 10.0.40219.1
Project("{9A19103F-16F7-4668-BE54-9A1E7A4F7556}") = "SimpleWeb", "SimpleWeb.csproj", "{837D200B-9CDC-4847-8C4D-2E32519CE8D8}"
EndProject
Project("{FAE04EC0-301F-11D3-BF4B-00C04F79EFBC}") = "XUnitTestProject", "..\XUnitTestProject\XUnitTestProject.csproj", "{F8E11CD8-935A-4D9B-8606-D0EAEA5C2531}"
EndProject
Global
	GlobalSection(SolutionConfigurationPlatforms) = preSolution
		Debug|Any CPU = Debug|Any CPU
		Release|Any CPU = Release|Any CPU
	EndGlobalSection
	GlobalSection(ProjectConfigurationPlatforms) = postSolution
		{837D200B-9CDC-4847-8C4D-2E32519CE8D8}.Debug|Any CPU.ActiveCfg = Debug|Any CPU
		{837D200B-9CDC-4847-8C4D-2E32519CE8D8}.Debug|Any CPU.Build.0 = Debug|Any CPU
		{837D200B-9CDC-4847-8C4D-2E32519CE8D8}.Release|Any CPU.ActiveCfg = Release|Any CPU
		{837D200B-9CDC-4847-8C4D-2E32519CE8D8}.Release|Any CPU.Build.0 = Release|Any CPU
		{F8E11CD8-935A-4D9B-8606-D0EAEA5C2531}.Debug|Any CPU.ActiveCfg = Debug|Any CPU
		{F8E11CD8-935A-4D9B-8606-D0EAEA5C2531}.Debug|Any CPU.Build.0 = Debug|Any CPU
		{F8E11CD8-935A-4D9B-8606-D0EAEA5C2531}.Release|Any CPU.ActiveCfg = Release|Any CPU
		{F8E11CD8-935A-4D9B-8606-D0EAEA5C2531}.Release|Any CPU.Build.0 = Release|Any CPU
	EndGlobalSection
	GlobalSection(SolutionProperties) = preSolution
		HideSolutionNode = FALSE
	EndGlobalSection
	GlobalSection(ExtensibilityGlobals) = postSolution
		SolutionGuid = {7EAF7A92-BAB3-43F1-9E5C-B9EB6C389216}
	EndGlobalSection
EndGlobal
