
Microsoft Visual Studio Solution File, Format Version 12.00
# Visual Studio Version 16
VisualStudioVersion = 16.0.28922.388
MinimumVisualStudioVersion = 10.0.40219.1
Project("{FAE04EC0-301F-11D3-BF4B-00C04F79EFBC}") = "SimpleWebWithDockker", "SimpleWebWithDockker.csproj", "{A49E44DB-58DD-4857-8E98-4120EF62CE51}"
EndProject
Global
	GlobalSection(SolutionConfigurationPlatforms) = preSolution
		Debug|Any CPU = Debug|Any CPU
		Release|Any CPU = Release|Any CPU
	EndGlobalSection
	GlobalSection(ProjectConfigurationPlatforms) = postSolution
		{A49E44DB-58DD-4857-8E98-4120EF62CE51}.Debug|Any CPU.ActiveCfg = Debug|Any CPU
		{A49E44DB-58DD-4857-8E98-4120EF62CE51}.Debug|Any CPU.Build.0 = Debug|Any CPU
		{A49E44DB-58DD-4857-8E98-4120EF62CE51}.Release|Any CPU.ActiveCfg = Release|Any CPU
		{A49E44DB-58DD-4857-8E98-4120EF62CE51}.Release|Any CPU.Build.0 = Release|Any CPU
	EndGlobalSection
	GlobalSection(SolutionProperties) = preSolution
		HideSolutionNode = FALSE
	EndGlobalSection
	GlobalSection(ExtensibilityGlobals) = postSolution
		SolutionGuid = {DA7EDDD1-D687-4531-B0A6-F7382DC16BAF}
	EndGlobalSection
EndGlobal
